
Microsoft Visual Studio Solution File, Format Version 12.00
# Visual Studio Version 16
VisualStudioVersion = 16.0.31624.102
MinimumVisualStudioVersion = 10.0.40219.1
Project("{FAE04EC0-301F-11D3-BF4B-00C04F79EFBC}") = "SanitizationService", "SanitizationService\SanitizationService.csproj", "{21503FB2-F947-4F7A-8540-10E9C3B13295}"
EndProject
Global
	GlobalSection(SolutionConfigurationPlatforms) = preSolution
		Debug|Any CPU = Debug|Any CPU
		Release|Any CPU = Release|Any CPU
	EndGlobalSection
	GlobalSection(ProjectConfigurationPlatforms) = postSolution
		{21503FB2-F947-4F7A-8540-10E9C3B13295}.Debug|Any CPU.ActiveCfg = Debug|Any CPU
		{21503FB2-F947-4F7A-8540-10E9C3B13295}.Debug|Any CPU.Build.0 = Debug|Any CPU
		{21503FB2-F947-4F7A-8540-10E9C3B13295}.Release|Any CPU.ActiveCfg = Release|Any CPU
		{21503FB2-F947-4F7A-8540-10E9C3B13295}.Release|Any CPU.Build.0 = Release|Any CPU
	EndGlobalSection
	GlobalSection(SolutionProperties) = preSolution
		HideSolutionNode = FALSE
	EndGlobalSection
	GlobalSection(ExtensibilityGlobals) = postSolution
		SolutionGuid = {2411FBEF-498C-4860-85A0-AF9D46903B57}
	EndGlobalSection
EndGlobal
